{
  "name": "homography",
  "version": "1.5.0",
  "lockfileVersion": 2,
  "requires": true,
  "packages": {
    "": {
      "name": "homography",
      "version": "1.5.0",
      "license": "MIT",
      "dependencies": {
        "delaunator": "^5.0.0",
        "homography": "^1.5.0"
      },
      "devDependencies": {}
    },
    "node_modules/delaunator": {
      "version": "5.0.0",
      "resolved": "https://registry.npmjs.org/delaunator/-/delaunator-5.0.0.tgz",
      "integrity": "sha512-AyLvtyJdbv/U1GkiS6gUUzclRoAY4Gs75qkMygJJhU75LW4DNuSF2RMzpxs9jw9Oz1BobHjTdkG3zdP55VxAqw==",
      "dependencies": {
        "robust-predicates": "^3.0.0"
      }
    },
    "node_modules/homography": {
      "version": "1.5.0",
      "resolved": "https://registry.npmjs.org/homography/-/homography-1.5.0.tgz",
      "integrity": "sha512-GwOxn+/SSz6NPADvwpnhUFiWMrehDw5AFgxkV30aaOvXPtCG4ebTG831kZalpIcHs4E0xC5S0PoWv/feTy0CZg==",
      "dependencies": {
        "delaunator": "^5.0.0"
      }
    },
    "node_modules/robust-predicates": {
      "version": "3.0.1",
      "resolved": "https://registry.npmjs.org/robust-predicates/-/robust-predicates-3.0.1.tgz",
      "integrity": "sha512-ndEIpszUHiG4HtDsQLeIuMvRsDnn8c8rYStabochtUeCvfuvNptb5TUbVD68LRAILPX7p9nqQGh4xJgn3EHS/g=="
    }
  },
  "dependencies": {
    "delaunator": {
      "version": "5.0.0",
      "resolved": "https://registry.npmjs.org/delaunator/-/delaunator-5.0.0.tgz",
      "integrity": "sha512-AyLvtyJdbv/U1GkiS6gUUzclRoAY4Gs75qkMygJJhU75LW4DNuSF2RMzpxs9jw9Oz1BobHjTdkG3zdP55VxAqw==",
      "requires": {
        "robust-predicates": "^3.0.0"
      }
    },
    "homography": {
      "version": "1.5.0",
      "resolved": "https://registry.npmjs.org/homography/-/homography-1.5.0.tgz",
      "integrity": "sha512-GwOxn+/SSz6NPADvwpnhUFiWMrehDw5AFgxkV30aaOvXPtCG4ebTG831kZalpIcHs4E0xC5S0PoWv/feTy0CZg==",
      "requires": {
        "delaunator": "^5.0.0"
      }
    },
    "robust-predicates": {
      "version": "3.0.1",
      "resolved": "https://registry.npmjs.org/robust-predicates/-/robust-predicates-3.0.1.tgz",
      "integrity": "sha512-ndEIpszUHiG4HtDsQLeIuMvRsDnn8c8rYStabochtUeCvfuvNptb5TUbVD68LRAILPX7p9nqQGh4xJgn3EHS/g=="
    }
  }
}
